
Microsoft Visual Studio Solution File, Format Version 12.00
# Visual Studio Version 16
VisualStudioVersion = 16.0.31613.86
MinimumVisualStudioVersion = 10.0.40219.1
Project("{FAE04EC0-301F-11D3-BF4B-00C04F79EFBC}") = "TeruletKeruletTerfogat", "TeruletKeruletTerfogat\TeruletKeruletTerfogat.csproj", "{F2389813-31CE-43DC-820D-06B5A5992AA7}"
EndProject
Global
	GlobalSection(SolutionConfigurationPlatforms) = preSolution
		Debug|Any CPU = Debug|Any CPU
		Release|Any CPU = Release|Any CPU
	EndGlobalSection
	GlobalSection(ProjectConfigurationPlatforms) = postSolution
		{F2389813-31CE-43DC-820D-06B5A5992AA7}.Debug|Any CPU.ActiveCfg = Debug|Any CPU
		{F2389813-31CE-43DC-820D-06B5A5992AA7}.Debug|Any CPU.Build.0 = Debug|Any CPU
		{F2389813-31CE-43DC-820D-06B5A5992AA7}.Release|Any CPU.ActiveCfg = Release|Any CPU
		{F2389813-31CE-43DC-820D-06B5A5992AA7}.Release|Any CPU.Build.0 = Release|Any CPU
	EndGlobalSection
	GlobalSection(SolutionProperties) = preSolution
		HideSolutionNode = FALSE
	EndGlobalSection
	GlobalSection(ExtensibilityGlobals) = postSolution
		SolutionGuid = {0FE44B51-0382-47F4-A8BD-34E2F36DF96F}
	EndGlobalSection
EndGlobal
